
Microsoft Visual Studio Solution File, Format Version 12.00
# Visual Studio Version 16
VisualStudioVersion = 16.0.31005.135
MinimumVisualStudioVersion = 10.0.40219.1
Project("{FAE04EC0-301F-11D3-BF4B-00C04F79EFBC}") = "Quicksort", "Quicksort\Quicksort.csproj", "{E5E37E8F-DF84-409A-B7B6-519421A421E1}"
EndProject
Global
	GlobalSection(SolutionConfigurationPlatforms) = preSolution
		Debug|Any CPU = Debug|Any CPU
		Release|Any CPU = Release|Any CPU
	EndGlobalSection
	GlobalSection(ProjectConfigurationPlatforms) = postSolution
		{E5E37E8F-DF84-409A-B7B6-519421A421E1}.Debug|Any CPU.ActiveCfg = Debug|Any CPU
		{E5E37E8F-DF84-409A-B7B6-519421A421E1}.Debug|Any CPU.Build.0 = Debug|Any CPU
		{E5E37E8F-DF84-409A-B7B6-519421A421E1}.Release|Any CPU.ActiveCfg = Release|Any CPU
		{E5E37E8F-DF84-409A-B7B6-519421A421E1}.Release|Any CPU.Build.0 = Release|Any CPU
	EndGlobalSection
	GlobalSection(SolutionProperties) = preSolution
		HideSolutionNode = FALSE
	EndGlobalSection
	GlobalSection(ExtensibilityGlobals) = postSolution
		SolutionGuid = {EC97C6B7-2413-443C-BC51-1552E36C2C1F}
	EndGlobalSection
EndGlobal
